// !$*UTF8*$!
{
	archiveVersion = 1;
	classes = {
	};
	objectVersion = 55;
	objects = {

/* Begin PBXBuildFile section */
		05083FF89F3F6D48AD83F57D /* libPods-Tests iOS.a in Frameworks */ = {isa = PBXBuildFile; fileRef = CF2D9EED70073317EEF3C90F /* libPods-Tests iOS.a */; };
		070C04B12D22A4575AF310D6 /* Pods_DLVersionApp__iOS_.framework in Frameworks */ = {isa = PBXBuildFile; fileRef = 2343305531D5139C90BE9CB9 /* Pods_DLVersionApp__iOS_.framework */; };
		736C8788934FDCB4C41702F9 /* Pods_DLVersionApp__macOS_.framework in Frameworks */ = {isa = PBXBuildFile; fileRef = EF5C339A84BA54DBBD490C59 /* Pods_DLVersionApp__macOS_.framework */; };
		85241A7A4E28E7E5B5B33291 /* libPods-DLVersion-tvOS.a in Frameworks */ = {isa = PBXBuildFile; fileRef = E31FD937E745A0F7EBC1F973 /* libPods-DLVersion-tvOS.a */; };
		BFABBD3427C7786500DF2280 /* DLVersion-WatchOS WatchKit App.app in Embed Watch Content */ = {isa = PBXBuildFile; fileRef = BFABBD3327C7786500DF2280 /* DLVersion-WatchOS WatchKit App.app */; settings = {ATTRIBUTES = (RemoveHeadersOnCopy, ); }; };
		BFABBD3927C7786700DF2280 /* Assets.xcassets in Resources */ = {isa = PBXBuildFile; fileRef = BFABBD3827C7786700DF2280 /* Assets.xcassets */; };
		BFABBD3F27C7786700DF2280 /* DLVersion-WatchOS WatchKit Extension.appex in Embed App Extensions */ = {isa = PBXBuildFile; fileRef = BFABBD3E27C7786700DF2280 /* DLVersion-WatchOS WatchKit Extension.appex */; settings = {ATTRIBUTES = (RemoveHeadersOnCopy, ); }; };
		BFABBD4427C7786700DF2280 /* DLVersionAppApp.swift in Sources */ = {isa = PBXBuildFile; fileRef = BFABBD4327C7786700DF2280 /* DLVersionAppApp.swift */; };
		BFABBD4627C7786700DF2280 /* ContentView.swift in Sources */ = {isa = PBXBuildFile; fileRef = BFABBD4527C7786700DF2280 /* ContentView.swift */; };
		BFABBD4827C7786700DF2280 /* NotificationController.swift in Sources */ = {isa = PBXBuildFile; fileRef = BFABBD4727C7786700DF2280 /* NotificationController.swift */; };
		BFABBD4A27C7786700DF2280 /* NotificationView.swift in Sources */ = {isa = PBXBuildFile; fileRef = BFABBD4927C7786700DF2280 /* NotificationView.swift */; };
		BFABBD4C27C7786700DF2280 /* ComplicationController.swift in Sources */ = {isa = PBXBuildFile; fileRef = BFABBD4B27C7786700DF2280 /* ComplicationController.swift */; };
		BFABBD4E27C7786800DF2280 /* Assets.xcassets in Resources */ = {isa = PBXBuildFile; fileRef = BFABBD4D27C7786800DF2280 /* Assets.xcassets */; };
		BFABBD5127C7786800DF2280 /* Preview Assets.xcassets in Resources */ = {isa = PBXBuildFile; fileRef = BFABBD5027C7786800DF2280 /* Preview Assets.xcassets */; };
		BFABBD6627C77A1C00DF2280 /* DLVersion_tvOSApp.swift in Sources */ = {isa = PBXBuildFile; fileRef = BFABBD6527C77A1C00DF2280 /* DLVersion_tvOSApp.swift */; };
		BFABBD6A27C77A1D00DF2280 /* Assets.xcassets in Resources */ = {isa = PBXBuildFile; fileRef = BFABBD6927C77A1D00DF2280 /* Assets.xcassets */; };
		BFABBD6D27C77A1D00DF2280 /* Preview Assets.xcassets in Resources */ = {isa = PBXBuildFile; fileRef = BFABBD6C27C77A1D00DF2280 /* Preview Assets.xcassets */; };
		BFABBD7227C77D2500DF2280 /* ContentView.swift in Sources */ = {isa = PBXBuildFile; fileRef = BFABBD6727C77A1C00DF2280 /* ContentView.swift */; };
		BFD546D927C6C48400313AC9 /* Tests_iOS.swift in Sources */ = {isa = PBXBuildFile; fileRef = BFD546D827C6C48400313AC9 /* Tests_iOS.swift */; };
		BFD546E527C6C48400313AC9 /* Tests_macOS.swift in Sources */ = {isa = PBXBuildFile; fileRef = BFD546E427C6C48400313AC9 /* Tests_macOS.swift */; };
		BFD546E827C6C48400313AC9 /* DLVersionApp.swift in Sources */ = {isa = PBXBuildFile; fileRef = BFD546C027C6C48200313AC9 /* DLVersionApp.swift */; };
		BFD546E927C6C48400313AC9 /* DLVersionApp.swift in Sources */ = {isa = PBXBuildFile; fileRef = BFD546C027C6C48200313AC9 /* DLVersionApp.swift */; };
		BFD546EA27C6C48400313AC9 /* ContentView.swift in Sources */ = {isa = PBXBuildFile; fileRef = BFD546C127C6C48200313AC9 /* ContentView.swift */; };
		BFD546EB27C6C48400313AC9 /* ContentView.swift in Sources */ = {isa = PBXBuildFile; fileRef = BFD546C127C6C48200313AC9 /* ContentView.swift */; };
		BFD546EC27C6C48400313AC9 /* Assets.xcassets in Resources */ = {isa = PBXBuildFile; fileRef = BFD546C227C6C48400313AC9 /* Assets.xcassets */; };
		BFD546ED27C6C48400313AC9 /* Assets.xcassets in Resources */ = {isa = PBXBuildFile; fileRef = BFD546C227C6C48400313AC9 /* Assets.xcassets */; };
		BFFCA40C27C816AE004D2002 /* LICENSE in Resources */ = {isa = PBXBuildFile; fileRef = BFFCA40927C816AE004D2002 /* LICENSE */; };
		BFFCA40D27C816AE004D2002 /* DLVersion.podspec in Resources */ = {isa = PBXBuildFile; fileRef = BFFCA40A27C816AE004D2002 /* DLVersion.podspec */; };
		BFFCA40E27C816AE004D2002 /* README.md in Resources */ = {isa = PBXBuildFile; fileRef = BFFCA40B27C816AE004D2002 /* README.md */; };
		E631887D0999231ABFDA43D0 /* Pods_DLVersion_WatchOS_WatchKit_Extension.framework in Frameworks */ = {isa = PBXBuildFile; fileRef = 5407F7776203A1C2DF6E0D35 /* Pods_DLVersion_WatchOS_WatchKit_Extension.framework */; };
		F26F1DCCFFE41730EC7611ED /* libPods-Tests macOS.a in Frameworks */ = {isa = PBXBuildFile; fileRef = 743AAC522C45B475C31BDAE6 /* libPods-Tests macOS.a */; };
/* End PBXBuildFile section */

/* Begin PBXContainerItemProxy section */
		BFABBD3527C7786500DF2280 /* PBXContainerItemProxy */ = {
			isa = PBXContainerItemProxy;
			containerPortal = BFD546BB27C6C48200313AC9 /* Project object */;
			proxyType = 1;
			remoteGlobalIDString = BFABBD3227C7786500DF2280;
			remoteInfo = "DLVersion-WatchOS WatchKit App";
		};
		BFABBD4027C7786700DF2280 /* PBXContainerItemProxy */ = {
			isa = PBXContainerItemProxy;
			containerPortal = BFD546BB27C6C48200313AC9 /* Project object */;
			proxyType = 1;
			remoteGlobalIDString = BFABBD3D27C7786700DF2280;
			remoteInfo = "DLVersion-WatchOS WatchKit Extension";
		};
		BFD546D527C6C48400313AC9 /* PBXContainerItemProxy */ = {
			isa = PBXContainerItemProxy;
			containerPortal = BFD546BB27C6C48200313AC9 /* Project object */;
			proxyType = 1;
			remoteGlobalIDString = BFD546C627C6C48400313AC9;
			remoteInfo = "DLVersionSwift (iOS)";
		};
		BFD546E127C6C48400313AC9 /* PBXContainerItemProxy */ = {
			isa = PBXContainerItemProxy;
			containerPortal = BFD546BB27C6C48200313AC9 /* Project object */;
			proxyType = 1;
			remoteGlobalIDString = BFD546CC27C6C48400313AC9;
			remoteInfo = "DLVersionSwift (macOS)";
		};
/* End PBXContainerItemProxy section */

/* Begin PBXCopyFilesBuildPhase section */
		BF91A5D327C7748A00A69025 /* Embed Watch Content */ = {
			isa = PBXCopyFilesBuildPhase;
			buildActionMask = 2147483647;
			dstPath = "$(CONTENTS_FOLDER_PATH)/Watch";
			dstSubfolderSpec = 16;
			files = (
			);
			name = "Embed Watch Content";
			runOnlyForDeploymentPostprocessing = 0;
		};
		BFABBD5627C7786800DF2280 /* Embed Watch Content */ = {
			isa = PBXCopyFilesBuildPhase;
			buildActionMask = 2147483647;
			dstPath = "$(CONTENTS_FOLDER_PATH)/Watch";
			dstSubfolderSpec = 16;
			files = (
				BFABBD3427C7786500DF2280 /* DLVersion-WatchOS WatchKit App.app in Embed Watch Content */,
			);
			name = "Embed Watch Content";
			runOnlyForDeploymentPostprocessing = 0;
		};
		BFABBD5927C7786800DF2280 /* Embed App Extensions */ = {
			isa = PBXCopyFilesBuildPhase;
			buildActionMask = 2147483647;
			dstPath = "";
			dstSubfolderSpec = 13;
			files = (
				BFABBD3F27C7786700DF2280 /* DLVersion-WatchOS WatchKit Extension.appex in Embed App Extensions */,
			);
			name = "Embed App Extensions";
			runOnlyForDeploymentPostprocessing = 0;
		};
/* End PBXCopyFilesBuildPhase section */

/* Begin PBXFileReference section */
		06CA6B5289D1600BA1FC056E /* Pods-DLVersionApp (macOS).debug.xcconfig */ = {isa = PBXFileReference; includeInIndex = 1; lastKnownFileType = text.xcconfig; name = "Pods-DLVersionApp (macOS).debug.xcconfig"; path = "Target Support Files/Pods-DLVersionApp (macOS)/Pods-DLVersionApp (macOS).debug.xcconfig"; sourceTree = "<group>"; };
		2343305531D5139C90BE9CB9 /* Pods_DLVersionApp__iOS_.framework */ = {isa = PBXFileReference; explicitFileType = wrapper.framework; includeInIndex = 0; path = Pods_DLVersionApp__iOS_.framework; sourceTree = BUILT_PRODUCTS_DIR; };
		2DAA673F001ADF5429D7D597 /* Pods-DLVersion-WatchOS WatchKit Extension.debug.xcconfig */ = {isa = PBXFileReference; includeInIndex = 1; lastKnownFileType = text.xcconfig; name = "Pods-DLVersion-WatchOS WatchKit Extension.debug.xcconfig"; path = "Target Support Files/Pods-DLVersion-WatchOS WatchKit Extension/Pods-DLVersion-WatchOS WatchKit Extension.debug.xcconfig"; sourceTree = "<group>"; };
		3C89E4C602E1311E5FDFA81B /* Pods-DLVersionApp (iOS).debug.xcconfig */ = {isa = PBXFileReference; includeInIndex = 1; lastKnownFileType = text.xcconfig; name = "Pods-DLVersionApp (iOS).debug.xcconfig"; path = "Target Support Files/Pods-DLVersionApp (iOS)/Pods-DLVersionApp (iOS).debug.xcconfig"; sourceTree = "<group>"; };
		4812415905DED649FAC2FE7B /* Pods-DLVersion-WatchOS WatchKit Extension.release.xcconfig */ = {isa = PBXFileReference; includeInIndex = 1; lastKnownFileType = text.xcconfig; name = "Pods-DLVersion-WatchOS WatchKit Extension.release.xcconfig"; path = "Target Support Files/Pods-DLVersion-WatchOS WatchKit Extension/Pods-DLVersion-WatchOS WatchKit Extension.release.xcconfig"; sourceTree = "<group>"; };
		5407F7776203A1C2DF6E0D35 /* Pods_DLVersion_WatchOS_WatchKit_Extension.framework */ = {isa = PBXFileReference; explicitFileType = wrapper.framework; includeInIndex = 0; path = Pods_DLVersion_WatchOS_WatchKit_Extension.framework; sourceTree = BUILT_PRODUCTS_DIR; };
		602B822A07A4D230C42C6026 /* Pods-DLVersionApp (macOS).release.xcconfig */ = {isa = PBXFileReference; includeInIndex = 1; lastKnownFileType = text.xcconfig; name = "Pods-DLVersionApp (macOS).release.xcconfig"; path = "Target Support Files/Pods-DLVersionApp (macOS)/Pods-DLVersionApp (macOS).release.xcconfig"; sourceTree = "<group>"; };
		73DB33B4082D1EEDC570D7A9 /* Pods-Tests macOS.release.xcconfig */ = {isa = PBXFileReference; includeInIndex = 1; lastKnownFileType = text.xcconfig; name = "Pods-Tests macOS.release.xcconfig"; path = "Target Support Files/Pods-Tests macOS/Pods-Tests macOS.release.xcconfig"; sourceTree = "<group>"; };
		743AAC522C45B475C31BDAE6 /* libPods-Tests macOS.a */ = {isa = PBXFileReference; explicitFileType = archive.ar; includeInIndex = 0; path = "libPods-Tests macOS.a"; sourceTree = BUILT_PRODUCTS_DIR; };
		8D3D6A7A85AF6F77C0750E0E /* Pods-DLVersionApp (iOS).release.xcconfig */ = {isa = PBXFileReference; includeInIndex = 1; lastKnownFileType = text.xcconfig; name = "Pods-DLVersionApp (iOS).release.xcconfig"; path = "Target Support Files/Pods-DLVersionApp (iOS)/Pods-DLVersionApp (iOS).release.xcconfig"; sourceTree = "<group>"; };
		8F2EFF893019B79210483854 /* Pods-Tests macOS.debug.xcconfig */ = {isa = PBXFileReference; includeInIndex = 1; lastKnownFileType = text.xcconfig; name = "Pods-Tests macOS.debug.xcconfig"; path = "Target Support Files/Pods-Tests macOS/Pods-Tests macOS.debug.xcconfig"; sourceTree = "<group>"; };
		BC2D0FED2CEC8FB80C457870 /* Pods-DLVersion-tvOS.release.xcconfig */ = {isa = PBXFileReference; includeInIndex = 1; lastKnownFileType = text.xcconfig; name = "Pods-DLVersion-tvOS.release.xcconfig"; path = "Target Support Files/Pods-DLVersion-tvOS/Pods-DLVersion-tvOS.release.xcconfig"; sourceTree = "<group>"; };
		BF8F04E827C76A2B0065F414 /* libDLVersion-library-iOS.a */ = {isa = PBXFileReference; explicitFileType = archive.ar; path = "libDLVersion-library-iOS.a"; sourceTree = BUILT_PRODUCTS_DIR; };
		BF8F04EA27C76A600065F414 /* DLVersion.framework */ = {isa = PBXFileReference; explicitFileType = wrapper.framework; path = DLVersion.framework; sourceTree = BUILT_PRODUCTS_DIR; };
		BF8F04ED27C76B800065F414 /* DLVersion.framework */ = {isa = PBXFileReference; explicitFileType = wrapper.framework; path = DLVersion.framework; sourceTree = BUILT_PRODUCTS_DIR; };
		BF91A6A227C777C500A69025 /* DLVersionApp (iOS).entitlements */ = {isa = PBXFileReference; fileEncoding = 4; lastKnownFileType = text.plist.entitlements; path = "DLVersionApp (iOS).entitlements"; sourceTree = "<group>"; };
		BFABBD3027C7786500DF2280 /* DLVersion-WatchOS.app */ = {isa = PBXFileReference; explicitFileType = wrapper.application; includeInIndex = 0; path = "DLVersion-WatchOS.app"; sourceTree = BUILT_PRODUCTS_DIR; };
		BFABBD3327C7786500DF2280 /* DLVersion-WatchOS WatchKit App.app */ = {isa = PBXFileReference; explicitFileType = wrapper.application; includeInIndex = 0; path = "DLVersion-WatchOS WatchKit App.app"; sourceTree = BUILT_PRODUCTS_DIR; };
		BFABBD3827C7786700DF2280 /* Assets.xcassets */ = {isa = PBXFileReference; lastKnownFileType = folder.assetcatalog; path = Assets.xcassets; sourceTree = "<group>"; };
		BFABBD3E27C7786700DF2280 /* DLVersion-WatchOS WatchKit Extension.appex */ = {isa = PBXFileReference; explicitFileType = "wrapper.app-extension"; includeInIndex = 0; path = "DLVersion-WatchOS WatchKit Extension.appex"; sourceTree = BUILT_PRODUCTS_DIR; };
		BFABBD4327C7786700DF2280 /* DLVersionAppApp.swift */ = {isa = PBXFileReference; lastKnownFileType = sourcecode.swift; path = DLVersionAppApp.swift; sourceTree = "<group>"; };
		BFABBD4527C7786700DF2280 /* ContentView.swift */ = {isa = PBXFileReference; lastKnownFileType = sourcecode.swift; path = ContentView.swift; sourceTree = "<group>"; };
		BFABBD4727C7786700DF2280 /* NotificationController.swift */ = {isa = PBXFileReference; lastKnownFileType = sourcecode.swift; path = NotificationController.swift; sourceTree = "<group>"; };
		BFABBD4927C7786700DF2280 /* NotificationView.swift */ = {isa = PBXFileReference; lastKnownFileType = sourcecode.swift; path = NotificationView.swift; sourceTree = "<group>"; };
		BFABBD4B27C7786700DF2280 /* ComplicationController.swift */ = {isa = PBXFileReference; lastKnownFileType = sourcecode.swift; path = ComplicationController.swift; sourceTree = "<group>"; };
		BFABBD4D27C7786800DF2280 /* Assets.xcassets */ = {isa = PBXFileReference; lastKnownFileType = folder.assetcatalog; path = Assets.xcassets; sourceTree = "<group>"; };
		BFABBD5027C7786800DF2280 /* Preview Assets.xcassets */ = {isa = PBXFileReference; lastKnownFileType = folder.assetcatalog; path = "Preview Assets.xcassets"; sourceTree = "<group>"; };
		BFABBD5227C7786800DF2280 /* Info.plist */ = {isa = PBXFileReference; lastKnownFileType = text.plist.xml; path = Info.plist; sourceTree = "<group>"; };
		BFABBD5327C7786800DF2280 /* PushNotificationPayload.apns */ = {isa = PBXFileReference; lastKnownFileType = text; path = PushNotificationPayload.apns; sourceTree = "<group>"; };
		BFABBD6327C77A1C00DF2280 /* DLVersion-tvOS.app */ = {isa = PBXFileReference; explicitFileType = wrapper.application; includeInIndex = 0; path = "DLVersion-tvOS.app"; sourceTree = BUILT_PRODUCTS_DIR; };
		BFABBD6527C77A1C00DF2280 /* DLVersion_tvOSApp.swift */ = {isa = PBXFileReference; lastKnownFileType = sourcecode.swift; path = DLVersion_tvOSApp.swift; sourceTree = "<group>"; };
		BFABBD6727C77A1C00DF2280 /* ContentView.swift */ = {isa = PBXFileReference; lastKnownFileType = sourcecode.swift; path = ContentView.swift; sourceTree = "<group>"; };
		BFABBD6927C77A1D00DF2280 /* Assets.xcassets */ = {isa = PBXFileReference; lastKnownFileType = folder.assetcatalog; path = Assets.xcassets; sourceTree = "<group>"; };
		BFABBD6C27C77A1D00DF2280 /* Preview Assets.xcassets */ = {isa = PBXFileReference; lastKnownFileType = folder.assetcatalog; path = "Preview Assets.xcassets"; sourceTree = "<group>"; };
		BFD546C027C6C48200313AC9 /* DLVersionApp.swift */ = {isa = PBXFileReference; lastKnownFileType = sourcecode.swift; path = DLVersionApp.swift; sourceTree = "<group>"; };
		BFD546C127C6C48200313AC9 /* ContentView.swift */ = {isa = PBXFileReference; lastKnownFileType = sourcecode.swift; path = ContentView.swift; sourceTree = "<group>"; };
		BFD546C227C6C48400313AC9 /* Assets.xcassets */ = {isa = PBXFileReference; lastKnownFileType = folder.assetcatalog; path = Assets.xcassets; sourceTree = "<group>"; };
		BFD546C727C6C48400313AC9 /* DLVersionApp.app */ = {isa = PBXFileReference; explicitFileType = wrapper.application; includeInIndex = 0; path = DLVersionApp.app; sourceTree = BUILT_PRODUCTS_DIR; };
		BFD546CD27C6C48400313AC9 /* DLVersionApp.app */ = {isa = PBXFileReference; explicitFileType = wrapper.application; includeInIndex = 0; path = DLVersionApp.app; sourceTree = BUILT_PRODUCTS_DIR; };
		BFD546CF27C6C48400313AC9 /* macOS.entitlements */ = {isa = PBXFileReference; lastKnownFileType = text.plist.entitlements; path = macOS.entitlements; sourceTree = "<group>"; };
		BFD546D427C6C48400313AC9 /* Tests iOS.xctest */ = {isa = PBXFileReference; explicitFileType = wrapper.cfbundle; includeInIndex = 0; path = "Tests iOS.xctest"; sourceTree = BUILT_PRODUCTS_DIR; };
		BFD546D827C6C48400313AC9 /* Tests_iOS.swift */ = {isa = PBXFileReference; lastKnownFileType = sourcecode.swift; path = Tests_iOS.swift; sourceTree = "<group>"; };
		BFD546E027C6C48400313AC9 /* Tests macOS.xctest */ = {isa = PBXFileReference; explicitFileType = wrapper.cfbundle; includeInIndex = 0; path = "Tests macOS.xctest"; sourceTree = BUILT_PRODUCTS_DIR; };
		BFD546E427C6C48400313AC9 /* Tests_macOS.swift */ = {isa = PBXFileReference; lastKnownFileType = sourcecode.swift; path = Tests_macOS.swift; sourceTree = "<group>"; };
		BFFCA40927C816AE004D2002 /* LICENSE */ = {isa = PBXFileReference; fileEncoding = 4; lastKnownFileType = text; name = LICENSE; path = ../LICENSE; sourceTree = "<group>"; };
		BFFCA40A27C816AE004D2002 /* DLVersion.podspec */ = {isa = PBXFileReference; fileEncoding = 4; lastKnownFileType = text; name = DLVersion.podspec; path = ../DLVersion.podspec; sourceTree = "<group>"; };
		BFFCA40B27C816AE004D2002 /* README.md */ = {isa = PBXFileReference; fileEncoding = 4; lastKnownFileType = net.daringfireball.markdown; name = README.md; path = ../README.md; sourceTree = "<group>"; };
		CF2D9EED70073317EEF3C90F /* libPods-Tests iOS.a */ = {isa = PBXFileReference; explicitFileType = archive.ar; includeInIndex = 0; path = "libPods-Tests iOS.a"; sourceTree = BUILT_PRODUCTS_DIR; };
		D78CF819E6C2E138178014F5 /* Pods-DLVersion-tvOS.debug.xcconfig */ = {isa = PBXFileReference; includeInIndex = 1; lastKnownFileType = text.xcconfig; name = "Pods-DLVersion-tvOS.debug.xcconfig"; path = "Target Support Files/Pods-DLVersion-tvOS/Pods-DLVersion-tvOS.debug.xcconfig"; sourceTree = "<group>"; };
		E31FD937E745A0F7EBC1F973 /* libPods-DLVersion-tvOS.a */ = {isa = PBXFileReference; explicitFileType = archive.ar; includeInIndex = 0; path = "libPods-DLVersion-tvOS.a"; sourceTree = BUILT_PRODUCTS_DIR; };
		EC148B5870E4574DA7C2EF7A /* Pods-Tests iOS.release.xcconfig */ = {isa = PBXFileReference; includeInIndex = 1; lastKnownFileType = text.xcconfig; name = "Pods-Tests iOS.release.xcconfig"; path = "Target Support Files/Pods-Tests iOS/Pods-Tests iOS.release.xcconfig"; sourceTree = "<group>"; };
		EF5C339A84BA54DBBD490C59 /* Pods_DLVersionApp__macOS_.framework */ = {isa = PBXFileReference; explicitFileType = wrapper.framework; includeInIndex = 0; path = Pods_DLVersionApp__macOS_.framework; sourceTree = BUILT_PRODUCTS_DIR; };
		F4057F2A2E519A3304D73F91 /* Pods-Tests iOS.debug.xcconfig */ = {isa = PBXFileReference; includeInIndex = 1; lastKnownFileType = text.xcconfig; name = "Pods-Tests iOS.debug.xcconfig"; path = "Target Support Files/Pods-Tests iOS/Pods-Tests iOS.debug.xcconfig"; sourceTree = "<group>"; };
/* End PBXFileReference section */

/* Begin PBXFrameworksBuildPhase section */
		BFABBD3B27C7786700DF2280 /* Frameworks */ = {
			isa = PBXFrameworksBuildPhase;
			buildActionMask = 2147483647;
			files = (
				E631887D0999231ABFDA43D0 /* Pods_DLVersion_WatchOS_WatchKit_Extension.framework in Frameworks */,
			);
			runOnlyForDeploymentPostprocessing = 0;
		};
		BFABBD6027C77A1C00DF2280 /* Frameworks */ = {
			isa = PBXFrameworksBuildPhase;
			buildActionMask = 2147483647;
			files = (
				85241A7A4E28E7E5B5B33291 /* libPods-DLVersion-tvOS.a in Frameworks */,
			);
			runOnlyForDeploymentPostprocessing = 0;
		};
		BFD546C427C6C48400313AC9 /* Frameworks */ = {
			isa = PBXFrameworksBuildPhase;
			buildActionMask = 2147483647;
			files = (
				070C04B12D22A4575AF310D6 /* Pods_DLVersionApp__iOS_.framework in Frameworks */,
			);
			runOnlyForDeploymentPostprocessing = 0;
		};
		BFD546CA27C6C48400313AC9 /* Frameworks */ = {
			isa = PBXFrameworksBuildPhase;
			buildActionMask = 2147483647;
			files = (
				736C8788934FDCB4C41702F9 /* Pods_DLVersionApp__macOS_.framework in Frameworks */,
			);
			runOnlyForDeploymentPostprocessing = 0;
		};
		BFD546D127C6C48400313AC9 /* Frameworks */ = {
			isa = PBXFrameworksBuildPhase;
			buildActionMask = 2147483647;
			files = (
				05083FF89F3F6D48AD83F57D /* libPods-Tests iOS.a in Frameworks */,
			);
			runOnlyForDeploymentPostprocessing = 0;
		};
		BFD546DD27C6C48400313AC9 /* Frameworks */ = {
			isa = PBXFrameworksBuildPhase;
			buildActionMask = 2147483647;
			files = (
				F26F1DCCFFE41730EC7611ED /* libPods-Tests macOS.a in Frameworks */,
			);
			runOnlyForDeploymentPostprocessing = 0;
		};
/* End PBXFrameworksBuildPhase section */

/* Begin PBXGroup section */
		12E5AF056DE1E965305FA09B /* Frameworks */ = {
			isa = PBXGroup;
			children = (
				BF8F04ED27C76B800065F414 /* DLVersion.framework */,
				BF8F04EA27C76A600065F414 /* DLVersion.framework */,
				BF8F04E827C76A2B0065F414 /* libDLVersion-library-iOS.a */,
				5407F7776203A1C2DF6E0D35 /* Pods_DLVersion_WatchOS_WatchKit_Extension.framework */,
				E31FD937E745A0F7EBC1F973 /* libPods-DLVersion-tvOS.a */,
				2343305531D5139C90BE9CB9 /* Pods_DLVersionApp__iOS_.framework */,
				EF5C339A84BA54DBBD490C59 /* Pods_DLVersionApp__macOS_.framework */,
				CF2D9EED70073317EEF3C90F /* libPods-Tests iOS.a */,
				743AAC522C45B475C31BDAE6 /* libPods-Tests macOS.a */,
			);
			name = Frameworks;
			sourceTree = "<group>";
		};
		BFABBD3727C7786500DF2280 /* DLVersion-WatchOS WatchKit App */ = {
			isa = PBXGroup;
			children = (
				BFABBD3827C7786700DF2280 /* Assets.xcassets */,
			);
			path = "DLVersion-WatchOS WatchKit App";
			sourceTree = "<group>";
		};
		BFABBD4227C7786700DF2280 /* DLVersion-WatchOS WatchKit Extension */ = {
			isa = PBXGroup;
			children = (
				BFABBD4327C7786700DF2280 /* DLVersionAppApp.swift */,
				BFABBD4527C7786700DF2280 /* ContentView.swift */,
				BFABBD4727C7786700DF2280 /* NotificationController.swift */,
				BFABBD4927C7786700DF2280 /* NotificationView.swift */,
				BFABBD4B27C7786700DF2280 /* ComplicationController.swift */,
				BFABBD4D27C7786800DF2280 /* Assets.xcassets */,
				BFABBD5227C7786800DF2280 /* Info.plist */,
				BFABBD5327C7786800DF2280 /* PushNotificationPayload.apns */,
				BFABBD4F27C7786800DF2280 /* Preview Content */,
			);
			path = "DLVersion-WatchOS WatchKit Extension";
			sourceTree = "<group>";
		};
		BFABBD4F27C7786800DF2280 /* Preview Content */ = {
			isa = PBXGroup;
			children = (
				BFABBD5027C7786800DF2280 /* Preview Assets.xcassets */,
			);
			path = "Preview Content";
			sourceTree = "<group>";
		};
		BFABBD6427C77A1C00DF2280 /* DLVersion-tvOS */ = {
			isa = PBXGroup;
			children = (
				BFABBD6727C77A1C00DF2280 /* ContentView.swift */,
				BFABBD6527C77A1C00DF2280 /* DLVersion_tvOSApp.swift */,
				BFABBD6927C77A1D00DF2280 /* Assets.xcassets */,
				BFABBD6B27C77A1D00DF2280 /* Preview Content */,
			);
			path = "DLVersion-tvOS";
			sourceTree = "<group>";
		};
		BFABBD6B27C77A1D00DF2280 /* Preview Content */ = {
			isa = PBXGroup;
			children = (
				BFABBD6C27C77A1D00DF2280 /* Preview Assets.xcassets */,
			);
			path = "Preview Content";
			sourceTree = "<group>";
		};
		BFD546BA27C6C48200313AC9 = {
			isa = PBXGroup;
			children = (
				BFFCA40A27C816AE004D2002 /* DLVersion.podspec */,
				BFFCA40927C816AE004D2002 /* LICENSE */,
				BFFCA40B27C816AE004D2002 /* README.md */,
				BF91A6A227C777C500A69025 /* DLVersionApp (iOS).entitlements */,
				BFD546BF27C6C48200313AC9 /* Shared */,
				BFD546CE27C6C48400313AC9 /* macOS */,
				BFD546D727C6C48400313AC9 /* Tests iOS */,
				BFD546E327C6C48400313AC9 /* Tests macOS */,
				BFABBD3727C7786500DF2280 /* DLVersion-WatchOS WatchKit App */,
				BFABBD4227C7786700DF2280 /* DLVersion-WatchOS WatchKit Extension */,
				BFABBD6427C77A1C00DF2280 /* DLVersion-tvOS */,
				BFD546C827C6C48400313AC9 /* Products */,
				ECBA74BAC48AFF6A2B2A7C20 /* Pods */,
				12E5AF056DE1E965305FA09B /* Frameworks */,
			);
			sourceTree = "<group>";
		};
		BFD546BF27C6C48200313AC9 /* Shared */ = {
			isa = PBXGroup;
			children = (
				BFD546C027C6C48200313AC9 /* DLVersionApp.swift */,
				BFD546C127C6C48200313AC9 /* ContentView.swift */,
				BFD546C227C6C48400313AC9 /* Assets.xcassets */,
			);
			path = Shared;
			sourceTree = "<group>";
		};
		BFD546C827C6C48400313AC9 /* Products */ = {
			isa = PBXGroup;
			children = (
				BFD546C727C6C48400313AC9 /* DLVersionApp.app */,
				BFD546CD27C6C48400313AC9 /* DLVersionApp.app */,
				BFD546D427C6C48400313AC9 /* Tests iOS.xctest */,
				BFD546E027C6C48400313AC9 /* Tests macOS.xctest */,
				BFABBD3027C7786500DF2280 /* DLVersion-WatchOS.app */,
				BFABBD3327C7786500DF2280 /* DLVersion-WatchOS WatchKit App.app */,
				BFABBD3E27C7786700DF2280 /* DLVersion-WatchOS WatchKit Extension.appex */,
				BFABBD6327C77A1C00DF2280 /* DLVersion-tvOS.app */,
			);
			name = Products;
			sourceTree = "<group>";
		};
		BFD546CE27C6C48400313AC9 /* macOS */ = {
			isa = PBXGroup;
			children = (
				BFD546CF27C6C48400313AC9 /* macOS.entitlements */,
			);
			path = macOS;
			sourceTree = "<group>";
		};
		BFD546D727C6C48400313AC9 /* Tests iOS */ = {
			isa = PBXGroup;
			children = (
				BFD546D827C6C48400313AC9 /* Tests_iOS.swift */,
			);
			path = "Tests iOS";
			sourceTree = "<group>";
		};
		BFD546E327C6C48400313AC9 /* Tests macOS */ = {
			isa = PBXGroup;
			children = (
				BFD546E427C6C48400313AC9 /* Tests_macOS.swift */,
			);
			path = "Tests macOS";
			sourceTree = "<group>";
		};
		ECBA74BAC48AFF6A2B2A7C20 /* Pods */ = {
			isa = PBXGroup;
			children = (
				2DAA673F001ADF5429D7D597 /* Pods-DLVersion-WatchOS WatchKit Extension.debug.xcconfig */,
				4812415905DED649FAC2FE7B /* Pods-DLVersion-WatchOS WatchKit Extension.release.xcconfig */,
				D78CF819E6C2E138178014F5 /* Pods-DLVersion-tvOS.debug.xcconfig */,
				BC2D0FED2CEC8FB80C457870 /* Pods-DLVersion-tvOS.release.xcconfig */,
				3C89E4C602E1311E5FDFA81B /* Pods-DLVersionApp (iOS).debug.xcconfig */,
				8D3D6A7A85AF6F77C0750E0E /* Pods-DLVersionApp (iOS).release.xcconfig */,
				06CA6B5289D1600BA1FC056E /* Pods-DLVersionApp (macOS).debug.xcconfig */,
				602B822A07A4D230C42C6026 /* Pods-DLVersionApp (macOS).release.xcconfig */,
				F4057F2A2E519A3304D73F91 /* Pods-Tests iOS.debug.xcconfig */,
				EC148B5870E4574DA7C2EF7A /* Pods-Tests iOS.release.xcconfig */,
				8F2EFF893019B79210483854 /* Pods-Tests macOS.debug.xcconfig */,
				73DB33B4082D1EEDC570D7A9 /* Pods-Tests macOS.release.xcconfig */,
			);
			path = Pods;
			sourceTree = "<group>";
		};
/* End PBXGroup section */

/* Begin PBXNativeTarget section */
		BFABBD2F27C7786500DF2280 /* DLVersion-WatchOS */ = {
			isa = PBXNativeTarget;
			buildConfigurationList = BFABBD5E27C7786800DF2280 /* Build configuration list for PBXNativeTarget "DLVersion-WatchOS" */;
			buildPhases = (
				BFABBD2E27C7786500DF2280 /* Resources */,
				BFABBD5627C7786800DF2280 /* Embed Watch Content */,
			);
			buildRules = (
			);
			dependencies = (
				BFABBD3627C7786500DF2280 /* PBXTargetDependency */,
			);
			name = "DLVersion-WatchOS";
			productName = "DLVersion-WatchOS";
			productReference = BFABBD3027C7786500DF2280 /* DLVersion-WatchOS.app */;
			productType = "com.apple.product-type.application.watchapp2-container";
		};
		BFABBD3227C7786500DF2280 /* DLVersion-WatchOS WatchKit App */ = {
			isa = PBXNativeTarget;
			buildConfigurationList = BFABBD5D27C7786800DF2280 /* Build configuration list for PBXNativeTarget "DLVersion-WatchOS WatchKit App" */;
			buildPhases = (
				BFABBD3127C7786500DF2280 /* Resources */,
				BFABBD5927C7786800DF2280 /* Embed App Extensions */,
			);
			buildRules = (
			);
			dependencies = (
				BFABBD4127C7786700DF2280 /* PBXTargetDependency */,
			);
			name = "DLVersion-WatchOS WatchKit App";
			productName = "DLVersion-WatchOS WatchKit App";
			productReference = BFABBD3327C7786500DF2280 /* DLVersion-WatchOS WatchKit App.app */;
			productType = "com.apple.product-type.application.watchapp2";
		};
		BFABBD3D27C7786700DF2280 /* DLVersion-WatchOS WatchKit Extension */ = {
			isa = PBXNativeTarget;
			buildConfigurationList = BFABBD5C27C7786800DF2280 /* Build configuration list for PBXNativeTarget "DLVersion-WatchOS WatchKit Extension" */;
			buildPhases = (
				D870FE506DEFB56E96A64E8C /* [CP] Check Pods Manifest.lock */,
				BFABBD3A27C7786700DF2280 /* Sources */,
				BFABBD3B27C7786700DF2280 /* Frameworks */,
				BFABBD3C27C7786700DF2280 /* Resources */,
				3D9144A24BCCFD0049DFD275 /* [CP] Embed Pods Frameworks */,
			);
			buildRules = (
			);
			dependencies = (
			);
			name = "DLVersion-WatchOS WatchKit Extension";
			productName = "DLVersion-WatchOS WatchKit Extension";
			productReference = BFABBD3E27C7786700DF2280 /* DLVersion-WatchOS WatchKit Extension.appex */;
			productType = "com.apple.product-type.watchkit2-extension";
		};
		BFABBD6227C77A1C00DF2280 /* DLVersion-tvOS */ = {
			isa = PBXNativeTarget;
			buildConfigurationList = BFABBD7027C77A1D00DF2280 /* Build configuration list for PBXNativeTarget "DLVersion-tvOS" */;
			buildPhases = (
				57A762FF7B09BC4294864BD2 /* [CP] Check Pods Manifest.lock */,
				BFABBD5F27C77A1C00DF2280 /* Sources */,
				BFABBD6027C77A1C00DF2280 /* Frameworks */,
				BFABBD6127C77A1C00DF2280 /* Resources */,
			);
			buildRules = (
			);
			dependencies = (
			);
			name = "DLVersion-tvOS";
			productName = "DLVersion-tvOS";
			productReference = BFABBD6327C77A1C00DF2280 /* DLVersion-tvOS.app */;
			productType = "com.apple.product-type.application";
		};
		BFD546C627C6C48400313AC9 /* DLVersionApp (iOS) */ = {
			isa = PBXNativeTarget;
			buildConfigurationList = BFD546F027C6C48400313AC9 /* Build configuration list for PBXNativeTarget "DLVersionApp (iOS)" */;
			buildPhases = (
				3FA2B8150FAD35B6E064F29B /* [CP] Check Pods Manifest.lock */,
				BFD546C327C6C48400313AC9 /* Sources */,
				BFD546C427C6C48400313AC9 /* Frameworks */,
				BFD546C527C6C48400313AC9 /* Resources */,
				BF91A5D327C7748A00A69025 /* Embed Watch Content */,
				24F3F64BCE44C4E69EF4866F /* [CP] Embed Pods Frameworks */,
			);
			buildRules = (
			);
			dependencies = (
			);
			name = "DLVersionApp (iOS)";
			productName = "DLVersionSwift (iOS)";
			productReference = BFD546C727C6C48400313AC9 /* DLVersionApp.app */;
			productType = "com.apple.product-type.application";
		};
		BFD546CC27C6C48400313AC9 /* DLVersionApp (macOS) */ = {
			isa = PBXNativeTarget;
			buildConfigurationList = BFD546F327C6C48400313AC9 /* Build configuration list for PBXNativeTarget "DLVersionApp (macOS)" */;
			buildPhases = (
				EE137387F60325DC421ABE61 /* [CP] Check Pods Manifest.lock */,
				BFD546C927C6C48400313AC9 /* Sources */,
				BFD546CA27C6C48400313AC9 /* Frameworks */,
				BFD546CB27C6C48400313AC9 /* Resources */,
				60F7E498E6545253B8B4FA46 /* [CP] Embed Pods Frameworks */,
			);
			buildRules = (
			);
			dependencies = (
			);
			name = "DLVersionApp (macOS)";
			productName = "DLVersionSwift (macOS)";
			productReference = BFD546CD27C6C48400313AC9 /* DLVersionApp.app */;
			productType = "com.apple.product-type.application";
		};
		BFD546D327C6C48400313AC9 /* Tests iOS */ = {
			isa = PBXNativeTarget;
			buildConfigurationList = BFD546F627C6C48400313AC9 /* Build configuration list for PBXNativeTarget "Tests iOS" */;
			buildPhases = (
				7C85DC09D3ED51038C78C77B /* [CP] Check Pods Manifest.lock */,
				BFD546D027C6C48400313AC9 /* Sources */,
				BFD546D127C6C48400313AC9 /* Frameworks */,
				BFD546D227C6C48400313AC9 /* Resources */,
			);
			buildRules = (
			);
			dependencies = (
				BFD546D627C6C48400313AC9 /* PBXTargetDependency */,
			);
			name = "Tests iOS";
			productName = "Tests iOS";
			productReference = BFD546D427C6C48400313AC9 /* Tests iOS.xctest */;
			productType = "com.apple.product-type.bundle.ui-testing";
		};
		BFD546DF27C6C48400313AC9 /* Tests macOS */ = {
			isa = PBXNativeTarget;
			buildConfigurationList = BFD546F927C6C48400313AC9 /* Build configuration list for PBXNativeTarget "Tests macOS" */;
			buildPhases = (
				E4E22F3471F0B88E4FF2AD52 /* [CP] Check Pods Manifest.lock */,
				BFD546DC27C6C48400313AC9 /* Sources */,
				BFD546DD27C6C48400313AC9 /* Frameworks */,
				BFD546DE27C6C48400313AC9 /* Resources */,
			);
			buildRules = (
			);
			dependencies = (
				BFD546E227C6C48400313AC9 /* PBXTargetDependency */,
			);
			name = "Tests macOS";
			productName = "Tests macOS";
			productReference = BFD546E027C6C48400313AC9 /* Tests macOS.xctest */;
			productType = "com.apple.product-type.bundle.ui-testing";
		};
/* End PBXNativeTarget section */

/* Begin PBXProject section */
		BFD546BB27C6C48200313AC9 /* Project object */ = {
			isa = PBXProject;
			attributes = {
				BuildIndependentTargetsInParallel = 1;
				LastSwiftUpdateCheck = 1320;
				LastUpgradeCheck = 1320;
				TargetAttributes = {
					BFABBD2F27C7786500DF2280 = {
						CreatedOnToolsVersion = 13.2.1;
					};
					BFABBD3227C7786500DF2280 = {
						CreatedOnToolsVersion = 13.2.1;
					};
					BFABBD3D27C7786700DF2280 = {
						CreatedOnToolsVersion = 13.2.1;
					};
					BFABBD6227C77A1C00DF2280 = {
						CreatedOnToolsVersion = 13.2.1;
					};
					BFD546C627C6C48400313AC9 = {
						CreatedOnToolsVersion = 13.2.1;
					};
					BFD546CC27C6C48400313AC9 = {
						CreatedOnToolsVersion = 13.2.1;
					};
					BFD546D327C6C48400313AC9 = {
						CreatedOnToolsVersion = 13.2.1;
						TestTargetID = BFD546C627C6C48400313AC9;
					};
					BFD546DF27C6C48400313AC9 = {
						CreatedOnToolsVersion = 13.2.1;
						TestTargetID = BFD546CC27C6C48400313AC9;
					};
				};
			};
			buildConfigurationList = BFD546BE27C6C48200313AC9 /* Build configuration list for PBXProject "DLVersionApp" */;
			compatibilityVersion = "Xcode 13.0";
			developmentRegion = en;
			hasScannedForEncodings = 0;
			knownRegions = (
				en,
				Base,
			);
			mainGroup = BFD546BA27C6C48200313AC9;
			productRefGroup = BFD546C827C6C48400313AC9 /* Products */;
			projectDirPath = "";
			projectRoot = "";
			targets = (
				BFD546C627C6C48400313AC9 /* DLVersionApp (iOS) */,
				BFD546CC27C6C48400313AC9 /* DLVersionApp (macOS) */,
				BFD546D327C6C48400313AC9 /* Tests iOS */,
				BFD546DF27C6C48400313AC9 /* Tests macOS */,
				BFABBD2F27C7786500DF2280 /* DLVersion-WatchOS */,
				BFABBD3227C7786500DF2280 /* DLVersion-WatchOS WatchKit App */,
				BFABBD3D27C7786700DF2280 /* DLVersion-WatchOS WatchKit Extension */,
				BFABBD6227C77A1C00DF2280 /* DLVersion-tvOS */,
			);
		};
/* End PBXProject section */

/* Begin PBXResourcesBuildPhase section */
		BFABBD2E27C7786500DF2280 /* Resources */ = {
			isa = PBXResourcesBuildPhase;
			buildActionMask = 2147483647;
			files = (
			);
			runOnlyForDeploymentPostprocessing = 0;
		};
		BFABBD3127C7786500DF2280 /* Resources */ = {
			isa = PBXResourcesBuildPhase;
			buildActionMask = 2147483647;
			files = (
				BFABBD3927C7786700DF2280 /* Assets.xcassets in Resources */,
			);
			runOnlyForDeploymentPostprocessing = 0;
		};
		BFABBD3C27C7786700DF2280 /* Resources */ = {
			isa = PBXResourcesBuildPhase;
			buildActionMask = 2147483647;
			files = (
				BFABBD5127C7786800DF2280 /* Preview Assets.xcassets in Resources */,
				BFABBD4E27C7786800DF2280 /* Assets.xcassets in Resources */,
			);
			runOnlyForDeploymentPostprocessing = 0;
		};
		BFABBD6127C77A1C00DF2280 /* Resources */ = {
			isa = PBXResourcesBuildPhase;
			buildActionMask = 2147483647;
			files = (
				BFABBD6D27C77A1D00DF2280 /* Preview Assets.xcassets in Resources */,
				BFABBD6A27C77A1D00DF2280 /* Assets.xcassets in Resources */,
			);
			runOnlyForDeploymentPostprocessing = 0;
		};
		BFD546C527C6C48400313AC9 /* Resources */ = {
			isa = PBXResourcesBuildPhase;
			buildActionMask = 2147483647;
			files = (
				BFFCA40D27C816AE004D2002 /* DLVersion.podspec in Resources */,
				BFFCA40C27C816AE004D2002 /* LICENSE in Resources */,
				BFFCA40E27C816AE004D2002 /* README.md in Resources */,
				BFD546EC27C6C48400313AC9 /* Assets.xcassets in Resources */,
			);
			runOnlyForDeploymentPostprocessing = 0;
		};
		BFD546CB27C6C48400313AC9 /* Resources */ = {
			isa = PBXResourcesBuildPhase;
			buildActionMask = 2147483647;
			files = (
				BFD546ED27C6C48400313AC9 /* Assets.xcassets in Resources */,
			);
			runOnlyForDeploymentPostprocessing = 0;
		};
		BFD546D227C6C48400313AC9 /* Resources */ = {
			isa = PBXResourcesBuildPhase;
			buildActionMask = 2147483647;
			files = (
			);
			runOnlyForDeploymentPostprocessing = 0;
		};
		BFD546DE27C6C48400313AC9 /* Resources */ = {
			isa = PBXResourcesBuildPhase;
			buildActionMask = 2147483647;
			files = (
			);
			runOnlyForDeploymentPostprocessing = 0;
		};
/* End PBXResourcesBuildPhase section */

/* Begin PBXShellScriptBuildPhase section */
		24F3F64BCE44C4E69EF4866F /* [CP] Embed Pods Frameworks */ = {
			isa = PBXShellScriptBuildPhase;
			buildActionMask = 2147483647;
			files = (
			);
			inputFileListPaths = (
				"${PODS_ROOT}/Target Support Files/Pods-DLVersionApp (iOS)/Pods-DLVersionApp (iOS)-frameworks-${CONFIGURATION}-input-files.xcfilelist",
			);
			name = "[CP] Embed Pods Frameworks";
			outputFileListPaths = (
				"${PODS_ROOT}/Target Support Files/Pods-DLVersionApp (iOS)/Pods-DLVersionApp (iOS)-frameworks-${CONFIGURATION}-output-files.xcfilelist",
			);
			runOnlyForDeploymentPostprocessing = 0;
			shellPath = /bin/sh;
			shellScript = "\"${PODS_ROOT}/Target Support Files/Pods-DLVersionApp (iOS)/Pods-DLVersionApp (iOS)-frameworks.sh\"\n";
			showEnvVarsInLog = 0;
		};
		3D9144A24BCCFD0049DFD275 /* [CP] Embed Pods Frameworks */ = {
			isa = PBXShellScriptBuildPhase;
			buildActionMask = 2147483647;
			files = (
			);
			inputFileListPaths = (
				"${PODS_ROOT}/Target Support Files/Pods-DLVersion-WatchOS WatchKit Extension/Pods-DLVersion-WatchOS WatchKit Extension-frameworks-${CONFIGURATION}-input-files.xcfilelist",
			);
			name = "[CP] Embed Pods Frameworks";
			outputFileListPaths = (
				"${PODS_ROOT}/Target Support Files/Pods-DLVersion-WatchOS WatchKit Extension/Pods-DLVersion-WatchOS WatchKit Extension-frameworks-${CONFIGURATION}-output-files.xcfilelist",
			);
			runOnlyForDeploymentPostprocessing = 0;
			shellPath = /bin/sh;
			shellScript = "\"${PODS_ROOT}/Target Support Files/Pods-DLVersion-WatchOS WatchKit Extension/Pods-DLVersion-WatchOS WatchKit Extension-frameworks.sh\"\n";
			showEnvVarsInLog = 0;
		};
		3FA2B8150FAD35B6E064F29B /* [CP] Check Pods Manifest.lock */ = {
			isa = PBXShellScriptBuildPhase;
			buildActionMask = 2147483647;
			files = (
			);
			inputFileListPaths = (
			);
			inputPaths = (
				"${PODS_PODFILE_DIR_PATH}/Podfile.lock",
				"${PODS_ROOT}/Manifest.lock",
			);
			name = "[CP] Check Pods Manifest.lock";
			outputFileListPaths = (
			);
			outputPaths = (
				"$(DERIVED_FILE_DIR)/Pods-DLVersionApp (iOS)-checkManifestLockResult.txt",
			);
			runOnlyForDeploymentPostprocessing = 0;
			shellPath = /bin/sh;
			shellScript = "diff \"${PODS_PODFILE_DIR_PATH}/Podfile.lock\" \"${PODS_ROOT}/Manifest.lock\" > /dev/null\nif [ $? != 0 ] ; then\n    # print error to STDERR\n    echo \"error: The sandbox is not in sync with the Podfile.lock. Run 'pod install' or update your CocoaPods installation.\" >&2\n    exit 1\nfi\n# This output is used by Xcode 'outputs' to avoid re-running this script phase.\necho \"SUCCESS\" > \"${SCRIPT_OUTPUT_FILE_0}\"\n";
			showEnvVarsInLog = 0;
		};
		57A762FF7B09BC4294864BD2 /* [CP] Check Pods Manifest.lock */ = {
			isa = PBXShellScriptBuildPhase;
			buildActionMask = 2147483647;
			files = (
			);
			inputFileListPaths = (
			);
			inputPaths = (
				"${PODS_PODFILE_DIR_PATH}/Podfile.lock",
				"${PODS_ROOT}/Manifest.lock",
			);
			name = "[CP] Check Pods Manifest.lock";
			outputFileListPaths = (
			);
			outputPaths = (
				"$(DERIVED_FILE_DIR)/Pods-DLVersion-tvOS-checkManifestLockResult.txt",
			);
			runOnlyForDeploymentPostprocessing = 0;
			shellPath = /bin/sh;
			shellScript = "diff \"${PODS_PODFILE_DIR_PATH}/Podfile.lock\" \"${PODS_ROOT}/Manifest.lock\" > /dev/null\nif [ $? != 0 ] ; then\n    # print error to STDERR\n    echo \"error: The sandbox is not in sync with the Podfile.lock. Run 'pod install' or update your CocoaPods installation.\" >&2\n    exit 1\nfi\n# This output is used by Xcode 'outputs' to avoid re-running this script phase.\necho \"SUCCESS\" > \"${SCRIPT_OUTPUT_FILE_0}\"\n";
			showEnvVarsInLog = 0;
		};
		60F7E498E6545253B8B4FA46 /* [CP] Embed Pods Frameworks */ = {
			isa = PBXShellScriptBuildPhase;
			buildActionMask = 2147483647;
			files = (
			);
			inputFileListPaths = (
				"${PODS_ROOT}/Target Support Files/Pods-DLVersionApp (macOS)/Pods-DLVersionApp (macOS)-frameworks-${CONFIGURATION}-input-files.xcfilelist",
			);
			name = "[CP] Embed Pods Frameworks";
			outputFileListPaths = (
				"${PODS_ROOT}/Target Support Files/Pods-DLVersionApp (macOS)/Pods-DLVersionApp (macOS)-frameworks-${CONFIGURATION}-output-files.xcfilelist",
			);
			runOnlyForDeploymentPostprocessing = 0;
			shellPath = /bin/sh;
			shellScript = "\"${PODS_ROOT}/Target Support Files/Pods-DLVersionApp (macOS)/Pods-DLVersionApp (macOS)-frameworks.sh\"\n";
			showEnvVarsInLog = 0;
		};
		7C85DC09D3ED51038C78C77B /* [CP] Check Pods Manifest.lock */ = {
			isa = PBXShellScriptBuildPhase;
			buildActionMask = 2147483647;
			files = (
			);
			inputFileListPaths = (
			);
			inputPaths = (
				"${PODS_PODFILE_DIR_PATH}/Podfile.lock",
				"${PODS_ROOT}/Manifest.lock",
			);
			name = "[CP] Check Pods Manifest.lock";
			outputFileListPaths = (
			);
			outputPaths = (
				"$(DERIVED_FILE_DIR)/Pods-Tests iOS-checkManifestLockResult.txt",
			);
			runOnlyForDeploymentPostprocessing = 0;
			shellPath = /bin/sh;
			shellScript = "diff \"${PODS_PODFILE_DIR_PATH}/Podfile.lock\" \"${PODS_ROOT}/Manifest.lock\" > /dev/null\nif [ $? != 0 ] ; then\n    # print error to STDERR\n    echo \"error: The sandbox is not in sync with the Podfile.lock. Run 'pod install' or update your CocoaPods installation.\" >&2\n    exit 1\nfi\n# This output is used by Xcode 'outputs' to avoid re-running this script phase.\necho \"SUCCESS\" > \"${SCRIPT_OUTPUT_FILE_0}\"\n";
			showEnvVarsInLog = 0;
		};
		D870FE506DEFB56E96A64E8C /* [CP] Check Pods Manifest.lock */ = {
			isa = PBXShellScriptBuildPhase;
			buildActionMask = 2147483647;
			files = (
			);
			inputFileListPaths = (
			);
			inputPaths = (
				"${PODS_PODFILE_DIR_PATH}/Podfile.lock",
				"${PODS_ROOT}/Manifest.lock",
			);
			name = "[CP] Check Pods Manifest.lock";
			outputFileListPaths = (
			);
			outputPaths = (
				"$(DERIVED_FILE_DIR)/Pods-DLVersion-WatchOS WatchKit Extension-checkManifestLockResult.txt",
			);
			runOnlyForDeploymentPostprocessing = 0;
			shellPath = /bin/sh;
			shellScript = "diff \"${PODS_PODFILE_DIR_PATH}/Podfile.lock\" \"${PODS_ROOT}/Manifest.lock\" > /dev/null\nif [ $? != 0 ] ; then\n    # print error to STDERR\n    echo \"error: The sandbox is not in sync with the Podfile.lock. Run 'pod install' or update your CocoaPods installation.\" >&2\n    exit 1\nfi\n# This output is used by Xcode 'outputs' to avoid re-running this script phase.\necho \"SUCCESS\" > \"${SCRIPT_OUTPUT_FILE_0}\"\n";
			showEnvVarsInLog = 0;
		};
		E4E22F3471F0B88E4FF2AD52 /* [CP] Check Pods Manifest.lock */ = {
			isa = PBXShellScriptBuildPhase;
			buildActionMask = 2147483647;
			files = (
			);
			inputFileListPaths = (
			);
			inputPaths = (
				"${PODS_PODFILE_DIR_PATH}/Podfile.lock",
				"${PODS_ROOT}/Manifest.lock",
			);
			name = "[CP] Check Pods Manifest.lock";
			outputFileListPaths = (
			);
			outputPaths = (
				"$(DERIVED_FILE_DIR)/Pods-Tests macOS-checkManifestLockResult.txt",
			);
			runOnlyForDeploymentPostprocessing = 0;
			shellPath = /bin/sh;
			shellScript = "diff \"${PODS_PODFILE_DIR_PATH}/Podfile.lock\" \"${PODS_ROOT}/Manifest.lock\" > /dev/null\nif [ $? != 0 ] ; then\n    # print error to STDERR\n    echo \"error: The sandbox is not in sync with the Podfile.lock. Run 'pod install' or update your CocoaPods installation.\" >&2\n    exit 1\nfi\n# This output is used by Xcode 'outputs' to avoid re-running this script phase.\necho \"SUCCESS\" > \"${SCRIPT_OUTPUT_FILE_0}\"\n";
			showEnvVarsInLog = 0;
		};
		EE137387F60325DC421ABE61 /* [CP] Check Pods Manifest.lock */ = {
			isa = PBXShellScriptBuildPhase;
			buildActionMask = 2147483647;
			files = (
			);
			inputFileListPaths = (
			);
			inputPaths = (
				"${PODS_PODFILE_DIR_PATH}/Podfile.lock",
				"${PODS_ROOT}/Manifest.lock",
			);
			name = "[CP] Check Pods Manifest.lock";
			outputFileListPaths = (
			);
			outputPaths = (
				"$(DERIVED_FILE_DIR)/Pods-DLVersionApp (macOS)-checkManifestLockResult.txt",
			);
			runOnlyForDeploymentPostprocessing = 0;
			shellPath = /bin/sh;
			shellScript = "diff \"${PODS_PODFILE_DIR_PATH}/Podfile.lock\" \"${PODS_ROOT}/Manifest.lock\" > /dev/null\nif [ $? != 0 ] ; then\n    # print error to STDERR\n    echo \"error: The sandbox is not in sync with the Podfile.lock. Run 'pod install' or update your CocoaPods installation.\" >&2\n    exit 1\nfi\n# This output is used by Xcode 'outputs' to avoid re-running this script phase.\necho \"SUCCESS\" > \"${SCRIPT_OUTPUT_FILE_0}\"\n";
			showEnvVarsInLog = 0;
		};
/* End PBXShellScriptBuildPhase section */

/* Begin PBXSourcesBuildPhase section */
		BFABBD3A27C7786700DF2280 /* Sources */ = {
			isa = PBXSourcesBuildPhase;
			buildActionMask = 2147483647;
			files = (
				BFABBD4827C7786700DF2280 /* NotificationController.swift in Sources */,
				BFABBD4627C7786700DF2280 /* ContentView.swift in Sources */,
				BFABBD4C27C7786700DF2280 /* ComplicationController.swift in Sources */,
				BFABBD4427C7786700DF2280 /* DLVersionAppApp.swift in Sources */,
				BFABBD4A27C7786700DF2280 /* NotificationView.swift in Sources */,
			);
			runOnlyForDeploymentPostprocessing = 0;
		};
		BFABBD5F27C77A1C00DF2280 /* Sources */ = {
			isa = PBXSourcesBuildPhase;
			buildActionMask = 2147483647;
			files = (
				BFABBD7227C77D2500DF2280 /* ContentView.swift in Sources */,
				BFABBD6627C77A1C00DF2280 /* DLVersion_tvOSApp.swift in Sources */,
			);
			runOnlyForDeploymentPostprocessing = 0;
		};
		BFD546C327C6C48400313AC9 /* Sources */ = {
			isa = PBXSourcesBuildPhase;
			buildActionMask = 2147483647;
			files = (
				BFD546EA27C6C48400313AC9 /* ContentView.swift in Sources */,
				BFD546E827C6C48400313AC9 /* DLVersionApp.swift in Sources */,
			);
			runOnlyForDeploymentPostprocessing = 0;
		};
		BFD546C927C6C48400313AC9 /* Sources */ = {
			isa = PBXSourcesBuildPhase;
			buildActionMask = 2147483647;
			files = (
				BFD546EB27C6C48400313AC9 /* ContentView.swift in Sources */,
				BFD546E927C6C48400313AC9 /* DLVersionApp.swift in Sources */,
			);
			runOnlyForDeploymentPostprocessing = 0;
		};
		BFD546D027C6C48400313AC9 /* Sources */ = {
			isa = PBXSourcesBuildPhase;
			buildActionMask = 2147483647;
			files = (
				BFD546D927C6C48400313AC9 /* Tests_iOS.swift in Sources */,
			);
			runOnlyForDeploymentPostprocessing = 0;
		};
		BFD546DC27C6C48400313AC9 /* Sources */ = {
			isa = PBXSourcesBuildPhase;
			buildActionMask = 2147483647;
			files = (
				BFD546E527C6C48400313AC9 /* Tests_macOS.swift in Sources */,
			);
			runOnlyForDeploymentPostprocessing = 0;
		};
/* End PBXSourcesBuildPhase section */

/* Begin PBXTargetDependency section */
		BFABBD3627C7786500DF2280 /* PBXTargetDependency */ = {
			isa = PBXTargetDependency;
			target = BFABBD3227C7786500DF2280 /* DLVersion-WatchOS WatchKit App */;
			targetProxy = BFABBD3527C7786500DF2280 /* PBXContainerItemProxy */;
		};
		BFABBD4127C7786700DF2280 /* PBXTargetDependency */ = {
			isa = PBXTargetDependency;
			target = BFABBD3D27C7786700DF2280 /* DLVersion-WatchOS WatchKit Extension */;
			targetProxy = BFABBD4027C7786700DF2280 /* PBXContainerItemProxy */;
		};
		BFD546D627C6C48400313AC9 /* PBXTargetDependency */ = {
			isa = PBXTargetDependency;
			target = BFD546C627C6C48400313AC9 /* DLVersionApp (iOS) */;
			targetProxy = BFD546D527C6C48400313AC9 /* PBXContainerItemProxy */;
		};
		BFD546E227C6C48400313AC9 /* PBXTargetDependency */ = {
			isa = PBXTargetDependency;
			target = BFD546CC27C6C48400313AC9 /* DLVersionApp (macOS) */;
			targetProxy = BFD546E127C6C48400313AC9 /* PBXContainerItemProxy */;
		};
/* End PBXTargetDependency section */

/* Begin XCBuildConfiguration section */
		BFABBD5427C7786800DF2280 /* Debug */ = {
			isa = XCBuildConfiguration;
			buildSettings = {
				CODE_SIGN_STYLE = Automatic;
				CURRENT_PROJECT_VERSION = 1;
				DEVELOPMENT_TEAM = 69MZ6T95LT;
				MARKETING_VERSION = 0.5.0;
				PRODUCT_BUNDLE_IDENTIFIER = "com.detroitlabs.DLVersion-WatchOS";
				PRODUCT_NAME = "$(TARGET_NAME)";
				SDKROOT = iphoneos;
				SWIFT_VERSION = 5.0;
			};
			name = Debug;
		};
		BFABBD5527C7786800DF2280 /* Release */ = {
			isa = XCBuildConfiguration;
			buildSettings = {
				CODE_SIGN_STYLE = Automatic;
				CURRENT_PROJECT_VERSION = 1;
				DEVELOPMENT_TEAM = 69MZ6T95LT;
				MARKETING_VERSION = 0.5.0;
				PRODUCT_BUNDLE_IDENTIFIER = "com.detroitlabs.DLVersion-WatchOS";
				PRODUCT_NAME = "$(TARGET_NAME)";
				SDKROOT = iphoneos;
				SWIFT_VERSION = 5.0;
				VALIDATE_PRODUCT = YES;
			};
			name = Release;
		};
		BFABBD5727C7786800DF2280 /* Debug */ = {
			isa = XCBuildConfiguration;
			buildSettings = {
				ALWAYS_EMBED_SWIFT_STANDARD_LIBRARIES = YES;
				ASSETCATALOG_COMPILER_APPICON_NAME = AppIcon;
				ASSETCATALOG_COMPILER_GLOBAL_ACCENT_COLOR_NAME = AccentColor;
				CODE_SIGN_STYLE = Automatic;
				CURRENT_PROJECT_VERSION = 1;
				DEVELOPMENT_TEAM = 69MZ6T95LT;
				GENERATE_INFOPLIST_FILE = YES;
				IBSC_MODULE = DLVersion_WatchOS_WatchKit_Extension;
				INFOPLIST_KEY_CFBundleDisplayName = "DLVersion-WatchOS WatchKit App";
				INFOPLIST_KEY_UISupportedInterfaceOrientations = "UIInterfaceOrientationPortrait UIInterfaceOrientationPortraitUpsideDown";
				MARKETING_VERSION = 0.50;
				PRODUCT_BUNDLE_IDENTIFIER = "com.detroitlabs.DLVersion-WatchOS.watchkitapp";
				PRODUCT_NAME = "$(TARGET_NAME)";
				SDKROOT = watchos;
				SKIP_INSTALL = YES;
				SWIFT_EMIT_LOC_STRINGS = YES;
				SWIFT_VERSION = 5.0;
				TARGETED_DEVICE_FAMILY = 4;
				WATCHOS_DEPLOYMENT_TARGET = 8.3;
			};
			name = Debug;
		};
		BFABBD5827C7786800DF2280 /* Release */ = {
			isa = XCBuildConfiguration;
			buildSettings = {
				ALWAYS_EMBED_SWIFT_STANDARD_LIBRARIES = YES;
				ASSETCATALOG_COMPILER_APPICON_NAME = AppIcon;
				ASSETCATALOG_COMPILER_GLOBAL_ACCENT_COLOR_NAME = AccentColor;
				CODE_SIGN_STYLE = Automatic;
				CURRENT_PROJECT_VERSION = 1;
				DEVELOPMENT_TEAM = 69MZ6T95LT;
				GENERATE_INFOPLIST_FILE = YES;
				IBSC_MODULE = DLVersion_WatchOS_WatchKit_Extension;
				INFOPLIST_KEY_CFBundleDisplayName = "DLVersion-WatchOS WatchKit App";
				INFOPLIST_KEY_UISupportedInterfaceOrientations = "UIInterfaceOrientationPortrait UIInterfaceOrientationPortraitUpsideDown";
				MARKETING_VERSION = 0.50;
				PRODUCT_BUNDLE_IDENTIFIER = "com.detroitlabs.DLVersion-WatchOS.watchkitapp";
				PRODUCT_NAME = "$(TARGET_NAME)";
				SDKROOT = watchos;
				SKIP_INSTALL = YES;
				SWIFT_EMIT_LOC_STRINGS = YES;
				SWIFT_VERSION = 5.0;
				TARGETED_DEVICE_FAMILY = 4;
				VALIDATE_PRODUCT = YES;
				WATCHOS_DEPLOYMENT_TARGET = 8.3;
			};
			name = Release;
		};
		BFABBD5A27C7786800DF2280 /* Debug */ = {
			isa = XCBuildConfiguration;
			baseConfigurationReference = 2DAA673F001ADF5429D7D597 /* Pods-DLVersion-WatchOS WatchKit Extension.debug.xcconfig */;
			buildSettings = {
				ASSETCATALOG_COMPILER_COMPLICATION_NAME = Complication;
				CODE_SIGN_STYLE = Automatic;
				CURRENT_PROJECT_VERSION = 1;
				DEVELOPMENT_ASSET_PATHS = "\"DLVersion-WatchOS WatchKit Extension/Preview Content\"";
				DEVELOPMENT_TEAM = 69MZ6T95LT;
				ENABLE_PREVIEWS = YES;
				GENERATE_INFOPLIST_FILE = YES;
				INFOPLIST_FILE = "DLVersion-WatchOS WatchKit Extension/Info.plist";
				INFOPLIST_KEY_CFBundleDisplayName = "DLVersion-WatchOS WatchKit Extension";
				INFOPLIST_KEY_CLKComplicationPrincipalClass = DLVersion_WatchOS_WatchKit_Extension.ComplicationController;
				INFOPLIST_KEY_NSHumanReadableCopyright = "";
				INFOPLIST_KEY_WKWatchOnly = YES;
				LD_RUNPATH_SEARCH_PATHS = (
					"$(inherited)",
					"@executable_path/Frameworks",
					"@executable_path/../../Frameworks",
				);
				MARKETING_VERSION = 0.5.0;
				PRODUCT_BUNDLE_IDENTIFIER = "com.detroitlabs.DLVersion-WatchOS.watchkitapp.watchkitextension";
				PRODUCT_NAME = "${TARGET_NAME}";
				SDKROOT = watchos;
				SKIP_INSTALL = YES;
				SWIFT_EMIT_LOC_STRINGS = YES;
				SWIFT_VERSION = 5.0;
				TARGETED_DEVICE_FAMILY = 4;
				WATCHOS_DEPLOYMENT_TARGET = 8.3;
			};
			name = Debug;
		};
		BFABBD5B27C7786800DF2280 /* Release */ = {
			isa = XCBuildConfiguration;
			baseConfigurationReference = 4812415905DED649FAC2FE7B /* Pods-DLVersion-WatchOS WatchKit Extension.release.xcconfig */;
			buildSettings = {
				ASSETCATALOG_COMPILER_COMPLICATION_NAME = Complication;
				CODE_SIGN_STYLE = Automatic;
				CURRENT_PROJECT_VERSION = 1;
				DEVELOPMENT_ASSET_PATHS = "\"DLVersion-WatchOS WatchKit Extension/Preview Content\"";
				DEVELOPMENT_TEAM = 69MZ6T95LT;
				ENABLE_PREVIEWS = YES;
				GENERATE_INFOPLIST_FILE = YES;
				INFOPLIST_FILE = "DLVersion-WatchOS WatchKit Extension/Info.plist";
				INFOPLIST_KEY_CFBundleDisplayName = "DLVersion-WatchOS WatchKit Extension";
				INFOPLIST_KEY_CLKComplicationPrincipalClass = DLVersion_WatchOS_WatchKit_Extension.ComplicationController;
				INFOPLIST_KEY_NSHumanReadableCopyright = "";
				INFOPLIST_KEY_WKWatchOnly = YES;
				LD_RUNPATH_SEARCH_PATHS = (
					"$(inherited)",
					"@executable_path/Frameworks",
					"@executable_path/../../Frameworks",
				);
				MARKETING_VERSION = 0.5.0;
				PRODUCT_BUNDLE_IDENTIFIER = "com.detroitlabs.DLVersion-WatchOS.watchkitapp.watchkitextension";
				PRODUCT_NAME = "${TARGET_NAME}";
				SDKROOT = watchos;
				SKIP_INSTALL = YES;
				SWIFT_EMIT_LOC_STRINGS = YES;
				SWIFT_VERSION = 5.0;
				TARGETED_DEVICE_FAMILY = 4;
				VALIDATE_PRODUCT = YES;
				WATCHOS_DEPLOYMENT_TARGET = 8.3;
			};
			name = Release;
		};
		BFABBD6E27C77A1D00DF2280 /* Debug */ = {
			isa = XCBuildConfiguration;
			baseConfigurationReference = D78CF819E6C2E138178014F5 /* Pods-DLVersion-tvOS.debug.xcconfig */;
			buildSettings = {
				ASSETCATALOG_COMPILER_APPICON_NAME = "App Icon & Top Shelf Image";
				ASSETCATALOG_COMPILER_GLOBAL_ACCENT_COLOR_NAME = AccentColor;
				CODE_SIGN_STYLE = Automatic;
				CURRENT_PROJECT_VERSION = 1;
				DEVELOPMENT_ASSET_PATHS = "\"DLVersion-tvOS/Preview Content\"";
				DEVELOPMENT_TEAM = 69MZ6T95LT;
				ENABLE_PREVIEWS = YES;
				GENERATE_INFOPLIST_FILE = YES;
				INFOPLIST_KEY_UILaunchScreen_Generation = YES;
				INFOPLIST_KEY_UIUserInterfaceStyle = Automatic;
				LD_RUNPATH_SEARCH_PATHS = (
					"$(inherited)",
					"@executable_path/Frameworks",
				);
				MARKETING_VERSION = 0.5.0;
				PRODUCT_BUNDLE_IDENTIFIER = "com.detroitlabs.DLVersion-tvOS";
				PRODUCT_NAME = "$(TARGET_NAME)";
				SDKROOT = appletvos;
				SWIFT_EMIT_LOC_STRINGS = YES;
				SWIFT_VERSION = 5.0;
				TARGETED_DEVICE_FAMILY = 3;
				TVOS_DEPLOYMENT_TARGET = 15.2;
			};
			name = Debug;
		};
		BFABBD6F27C77A1D00DF2280 /* Release */ = {
			isa = XCBuildConfiguration;
			baseConfigurationReference = BC2D0FED2CEC8FB80C457870 /* Pods-DLVersion-tvOS.release.xcconfig */;
			buildSettings = {
				ASSETCATALOG_COMPILER_APPICON_NAME = "App Icon & Top Shelf Image";
				ASSETCATALOG_COMPILER_GLOBAL_ACCENT_COLOR_NAME = AccentColor;
				CODE_SIGN_STYLE = Automatic;
				CURRENT_PROJECT_VERSION = 1;
				DEVELOPMENT_ASSET_PATHS = "\"DLVersion-tvOS/Preview Content\"";
				DEVELOPMENT_TEAM = 69MZ6T95LT;
				ENABLE_PREVIEWS = YES;
				GENERATE_INFOPLIST_FILE = YES;
				INFOPLIST_KEY_UILaunchScreen_Generation = YES;
				INFOPLIST_KEY_UIUserInterfaceStyle = Automatic;
				LD_RUNPATH_SEARCH_PATHS = (
					"$(inherited)",
					"@executable_path/Frameworks",
				);
				MARKETING_VERSION = 0.5.0;
				PRODUCT_BUNDLE_IDENTIFIER = "com.detroitlabs.DLVersion-tvOS";
				PRODUCT_NAME = "$(TARGET_NAME)";
				SDKROOT = appletvos;
				SWIFT_EMIT_LOC_STRINGS = YES;
				SWIFT_VERSION = 5.0;
				TARGETED_DEVICE_FAMILY = 3;
				TVOS_DEPLOYMENT_TARGET = 15.2;
				VALIDATE_PRODUCT = YES;
			};
			name = Release;
		};
		BFD546EE27C6C48400313AC9 /* Debug */ = {
			isa = XCBuildConfiguration;
			buildSettings = {
				ALWAYS_SEARCH_USER_PATHS = NO;
				CLANG_ANALYZER_NONNULL = YES;
				CLANG_ANALYZER_NUMBER_OBJECT_CONVERSION = YES_AGGRESSIVE;
				CLANG_CXX_LANGUAGE_STANDARD = "gnu++17";
				CLANG_CXX_LIBRARY = "libc++";
				CLANG_ENABLE_MODULES = YES;
				CLANG_ENABLE_OBJC_ARC = YES;
				CLANG_ENABLE_OBJC_WEAK = YES;
				CLANG_WARN_BLOCK_CAPTURE_AUTORELEASING = YES;
				CLANG_WARN_BOOL_CONVERSION = YES;
				CLANG_WARN_COMMA = YES;
				CLANG_WARN_CONSTANT_CONVERSION = YES;
				CLANG_WARN_DEPRECATED_OBJC_IMPLEMENTATIONS = YES;
				CLANG_WARN_DIRECT_OBJC_ISA_USAGE = YES_ERROR;
				CLANG_WARN_DOCUMENTATION_COMMENTS = YES;
				CLANG_WARN_EMPTY_BODY = YES;
				CLANG_WARN_ENUM_CONVERSION = YES;
				CLANG_WARN_INFINITE_RECURSION = YES;
				CLANG_WARN_INT_CONVERSION = YES;
				CLANG_WARN_NON_LITERAL_NULL_CONVERSION = YES;
				CLANG_WARN_OBJC_IMPLICIT_RETAIN_SELF = YES;
				CLANG_WARN_OBJC_LITERAL_CONVERSION = YES;
				CLANG_WARN_OBJC_ROOT_CLASS = YES_ERROR;
				CLANG_WARN_QUOTED_INCLUDE_IN_FRAMEWORK_HEADER = YES;
				CLANG_WARN_RANGE_LOOP_ANALYSIS = YES;
				CLANG_WARN_STRICT_PROTOTYPES = YES;
				CLANG_WARN_SUSPICIOUS_MOVE = YES;
				CLANG_WARN_UNGUARDED_AVAILABILITY = YES_AGGRESSIVE;
				CLANG_WARN_UNREACHABLE_CODE = YES;
				CLANG_WARN__DUPLICATE_METHOD_MATCH = YES;
				COPY_PHASE_STRIP = NO;
				DEBUG_INFORMATION_FORMAT = dwarf;
				ENABLE_STRICT_OBJC_MSGSEND = YES;
				ENABLE_TESTABILITY = YES;
				GCC_C_LANGUAGE_STANDARD = gnu11;
				GCC_DYNAMIC_NO_PIC = NO;
				GCC_NO_COMMON_BLOCKS = YES;
				GCC_OPTIMIZATION_LEVEL = 0;
				GCC_PREPROCESSOR_DEFINITIONS = (
					"DEBUG=1",
					"$(inherited)",
				);
				GCC_WARN_64_TO_32_BIT_CONVERSION = YES;
				GCC_WARN_ABOUT_RETURN_TYPE = YES_ERROR;
				GCC_WARN_UNDECLARED_SELECTOR = YES;
				GCC_WARN_UNINITIALIZED_AUTOS = YES_AGGRESSIVE;
				GCC_WARN_UNUSED_FUNCTION = YES;
				GCC_WARN_UNUSED_VARIABLE = YES;
				IPHONEOS_DEPLOYMENT_TARGET = 15.2;
				MACOSX_DEPLOYMENT_TARGET = 12.2;
				MTL_ENABLE_DEBUG_INFO = INCLUDE_SOURCE;
				MTL_FAST_MATH = YES;
				ONLY_ACTIVE_ARCH = YES;
				SWIFT_ACTIVE_COMPILATION_CONDITIONS = DEBUG;
				SWIFT_OPTIMIZATION_LEVEL = "-Onone";
			};
			name = Debug;
		};
		BFD546EF27C6C48400313AC9 /* Release */ = {
			isa = XCBuildConfiguration;
			buildSettings = {
				ALWAYS_SEARCH_USER_PATHS = NO;
				CLANG_ANALYZER_NONNULL = YES;
				CLANG_ANALYZER_NUMBER_OBJECT_CONVERSION = YES_AGGRESSIVE;
				CLANG_CXX_LANGUAGE_STANDARD = "gnu++17";
				CLANG_CXX_LIBRARY = "libc++";
				CLANG_ENABLE_MODULES = YES;
				CLANG_ENABLE_OBJC_ARC = YES;
				CLANG_ENABLE_OBJC_WEAK = YES;
				CLANG_WARN_BLOCK_CAPTURE_AUTORELEASING = YES;
				CLANG_WARN_BOOL_CONVERSION = YES;
				CLANG_WARN_COMMA = YES;
				CLANG_WARN_CONSTANT_CONVERSION = YES;
				CLANG_WARN_DEPRECATED_OBJC_IMPLEMENTATIONS = YES;
				CLANG_WARN_DIRECT_OBJC_ISA_USAGE = YES_ERROR;
				CLANG_WARN_DOCUMENTATION_COMMENTS = YES;
				CLANG_WARN_EMPTY_BODY = YES;
				CLANG_WARN_ENUM_CONVERSION = YES;
				CLANG_WARN_INFINITE_RECURSION = YES;
				CLANG_WARN_INT_CONVERSION = YES;
				CLANG_WARN_NON_LITERAL_NULL_CONVERSION = YES;
				CLANG_WARN_OBJC_IMPLICIT_RETAIN_SELF = YES;
				CLANG_WARN_OBJC_LITERAL_CONVERSION = YES;
				CLANG_WARN_OBJC_ROOT_CLASS = YES_ERROR;
				CLANG_WARN_QUOTED_INCLUDE_IN_FRAMEWORK_HEADER = YES;
				CLANG_WARN_RANGE_LOOP_ANALYSIS = YES;
				CLANG_WARN_STRICT_PROTOTYPES = YES;
				CLANG_WARN_SUSPICIOUS_MOVE = YES;
				CLANG_WARN_UNGUARDED_AVAILABILITY = YES_AGGRESSIVE;
				CLANG_WARN_UNREACHABLE_CODE = YES;
				CLANG_WARN__DUPLICATE_METHOD_MATCH = YES;
				COPY_PHASE_STRIP = NO;
				DEBUG_INFORMATION_FORMAT = "dwarf-with-dsym";
				ENABLE_NS_ASSERTIONS = NO;
				ENABLE_STRICT_OBJC_MSGSEND = YES;
				GCC_C_LANGUAGE_STANDARD = gnu11;
				GCC_NO_COMMON_BLOCKS = YES;
				GCC_WARN_64_TO_32_BIT_CONVERSION = YES;
				GCC_WARN_ABOUT_RETURN_TYPE = YES_ERROR;
				GCC_WARN_UNDECLARED_SELECTOR = YES;
				GCC_WARN_UNINITIALIZED_AUTOS = YES_AGGRESSIVE;
				GCC_WARN_UNUSED_FUNCTION = YES;
				GCC_WARN_UNUSED_VARIABLE = YES;
				IPHONEOS_DEPLOYMENT_TARGET = 15.2;
				MACOSX_DEPLOYMENT_TARGET = 12.2;
				MTL_ENABLE_DEBUG_INFO = NO;
				MTL_FAST_MATH = YES;
				SWIFT_COMPILATION_MODE = wholemodule;
				SWIFT_OPTIMIZATION_LEVEL = "-O";
			};
			name = Release;
		};
		BFD546F127C6C48400313AC9 /* Debug */ = {
			isa = XCBuildConfiguration;
			baseConfigurationReference = 3C89E4C602E1311E5FDFA81B /* Pods-DLVersionApp (iOS).debug.xcconfig */;
			buildSettings = {
				ASSETCATALOG_COMPILER_APPICON_NAME = AppIcon;
				ASSETCATALOG_COMPILER_GLOBAL_ACCENT_COLOR_NAME = AccentColor;
				CODE_SIGN_ENTITLEMENTS = "DLVersionApp (iOS).entitlements";
				CODE_SIGN_IDENTITY = "Apple Development";
				CODE_SIGN_STYLE = Automatic;
				CURRENT_PROJECT_VERSION = 1;
				DEVELOPMENT_TEAM = 69MZ6T95LT;
				ENABLE_PREVIEWS = YES;
				GENERATE_INFOPLIST_FILE = YES;
				INFOPLIST_KEY_UIApplicationSceneManifest_Generation = YES;
				INFOPLIST_KEY_UIApplicationSupportsIndirectInputEvents = YES;
				INFOPLIST_KEY_UILaunchScreen_Generation = YES;
				INFOPLIST_KEY_UISupportedInterfaceOrientations_iPad = "UIInterfaceOrientationPortrait UIInterfaceOrientationPortraitUpsideDown UIInterfaceOrientationLandscapeLeft UIInterfaceOrientationLandscapeRight";
				INFOPLIST_KEY_UISupportedInterfaceOrientations_iPhone = "UIInterfaceOrientationPortrait UIInterfaceOrientationLandscapeLeft UIInterfaceOrientationLandscapeRight";
				IPHONEOS_DEPLOYMENT_TARGET = 15.2;
				LD_RUNPATH_SEARCH_PATHS = (
					"$(inherited)",
					"@executable_path/Frameworks",
				);
				MARKETING_VERSION = 0.5.0;
				PRODUCT_BUNDLE_IDENTIFIER = "com.detroitlabs.DLVersion.DLVersion-iOS";
				PRODUCT_NAME = DLVersionApp;
				PROVISIONING_PROFILE_SPECIFIER = "";
				SDKROOT = iphoneos;
				SUPPORTS_MACCATALYST = NO;
				SWIFT_EMIT_LOC_STRINGS = YES;
				SWIFT_VERSION = 5.0;
				TARGETED_DEVICE_FAMILY = "1,2";
			};
			name = Debug;
		};
		BFD546F227C6C48400313AC9 /* Release */ = {
			isa = XCBuildConfiguration;
			baseConfigurationReference = 8D3D6A7A85AF6F77C0750E0E /* Pods-DLVersionApp (iOS).release.xcconfig */;
			buildSettings = {
				ASSETCATALOG_COMPILER_APPICON_NAME = AppIcon;
				ASSETCATALOG_COMPILER_GLOBAL_ACCENT_COLOR_NAME = AccentColor;
				CODE_SIGN_ENTITLEMENTS = "DLVersionApp (iOS).entitlements";
				CODE_SIGN_IDENTITY = "Apple Development";
				CODE_SIGN_STYLE = Automatic;
				CURRENT_PROJECT_VERSION = 1;
				DEVELOPMENT_TEAM = 69MZ6T95LT;
				ENABLE_PREVIEWS = YES;
				GENERATE_INFOPLIST_FILE = YES;
				INFOPLIST_KEY_UIApplicationSceneManifest_Generation = YES;
				INFOPLIST_KEY_UIApplicationSupportsIndirectInputEvents = YES;
				INFOPLIST_KEY_UILaunchScreen_Generation = YES;
				INFOPLIST_KEY_UISupportedInterfaceOrientations_iPad = "UIInterfaceOrientationPortrait UIInterfaceOrientationPortraitUpsideDown UIInterfaceOrientationLandscapeLeft UIInterfaceOrientationLandscapeRight";
				INFOPLIST_KEY_UISupportedInterfaceOrientations_iPhone = "UIInterfaceOrientationPortrait UIInterfaceOrientationLandscapeLeft UIInterfaceOrientationLandscapeRight";
				IPHONEOS_DEPLOYMENT_TARGET = 15.2;
				LD_RUNPATH_SEARCH_PATHS = (
					"$(inherited)",
					"@executable_path/Frameworks",
				);
				MARKETING_VERSION = 0.5.0;
				PRODUCT_BUNDLE_IDENTIFIER = "com.detroitlabs.DLVersion.DLVersion-iOS";
				PRODUCT_NAME = DLVersionApp;
				PROVISIONING_PROFILE_SPECIFIER = "";
				SDKROOT = iphoneos;
				SUPPORTS_MACCATALYST = NO;
				SWIFT_EMIT_LOC_STRINGS = YES;
				SWIFT_VERSION = 5.0;
				TARGETED_DEVICE_FAMILY = "1,2";
				VALIDATE_PRODUCT = YES;
			};
			name = Release;
		};
		BFD546F427C6C48400313AC9 /* Debug */ = {
			isa = XCBuildConfiguration;
			baseConfigurationReference = 06CA6B5289D1600BA1FC056E /* Pods-DLVersionApp (macOS).debug.xcconfig */;
			buildSettings = {
				ASSETCATALOG_COMPILER_APPICON_NAME = AppIcon;
				ASSETCATALOG_COMPILER_GLOBAL_ACCENT_COLOR_NAME = AccentColor;
				CODE_SIGN_ENTITLEMENTS = macOS/macOS.entitlements;
				CODE_SIGN_IDENTITY = "Apple Development";
				CODE_SIGN_STYLE = Automatic;
				COMBINE_HIDPI_IMAGES = YES;
				CURRENT_PROJECT_VERSION = 1;
				DEVELOPMENT_TEAM = 69MZ6T95LT;
				ENABLE_HARDENED_RUNTIME = YES;
				ENABLE_PREVIEWS = YES;
				GENERATE_INFOPLIST_FILE = YES;
				INFOPLIST_KEY_NSHumanReadableCopyright = "";
				LD_RUNPATH_SEARCH_PATHS = (
					"$(inherited)",
					"@executable_path/../Frameworks",
				);
				MACOSX_DEPLOYMENT_TARGET = 12.2;
				MARKETING_VERSION = 0.5.0;
				PRODUCT_BUNDLE_IDENTIFIER = "com.detroitlabs.DLVersion.DLVersion-MacOS";
				PRODUCT_NAME = DLVersionApp;
				SDKROOT = macosx;
				SWIFT_EMIT_LOC_STRINGS = YES;
				SWIFT_VERSION = 5.0;
			};
			name = Debug;
		};
		BFD546F527C6C48400313AC9 /* Release */ = {
			isa = XCBuildConfiguration;
			baseConfigurationReference = 602B822A07A4D230C42C6026 /* Pods-DLVersionApp (macOS).release.xcconfig */;
			buildSettings = {
				ASSETCATALOG_COMPILER_APPICON_NAME = AppIcon;
				ASSETCATALOG_COMPILER_GLOBAL_ACCENT_COLOR_NAME = AccentColor;
				CODE_SIGN_ENTITLEMENTS = macOS/macOS.entitlements;
				CODE_SIGN_IDENTITY = "Apple Development";
				CODE_SIGN_STYLE = Automatic;
				COMBINE_HIDPI_IMAGES = YES;
				CURRENT_PROJECT_VERSION = 1;
				DEVELOPMENT_TEAM = 69MZ6T95LT;
				ENABLE_HARDENED_RUNTIME = YES;
				ENABLE_PREVIEWS = YES;
				GENERATE_INFOPLIST_FILE = YES;
				INFOPLIST_KEY_NSHumanReadableCopyright = "";
				LD_RUNPATH_SEARCH_PATHS = (
					"$(inherited)",
					"@executable_path/../Frameworks",
				);
				MACOSX_DEPLOYMENT_TARGET = 12.2;
				MARKETING_VERSION = 0.5.0;
				PRODUCT_BUNDLE_IDENTIFIER = "com.detroitlabs.DLVersion.DLVersion-MacOS";
				PRODUCT_NAME = DLVersionApp;
				SDKROOT = macosx;
				SWIFT_EMIT_LOC_STRINGS = YES;
				SWIFT_VERSION = 5.0;
			};
			name = Release;
		};
		BFD546F727C6C48400313AC9 /* Debug */ = {
			isa = XCBuildConfiguration;
			baseConfigurationReference = F4057F2A2E519A3304D73F91 /* Pods-Tests iOS.debug.xcconfig */;
			buildSettings = {
				ALWAYS_EMBED_SWIFT_STANDARD_LIBRARIES = NO;
				CODE_SIGN_STYLE = Automatic;
				CURRENT_PROJECT_VERSION = 1;
				DEVELOPMENT_TEAM = 69MZ6T95LT;
				GENERATE_INFOPLIST_FILE = YES;
				IPHONEOS_DEPLOYMENT_TARGET = 15.2;
				MARKETING_VERSION = 1.0;
				PRODUCT_BUNDLE_IDENTIFIER = "com.detroitlabs.Tests-iOS";
				PRODUCT_NAME = "$(TARGET_NAME)";
				PROVISIONING_PROFILE = "";
				SDKROOT = iphoneos;
				SWIFT_EMIT_LOC_STRINGS = NO;
				SWIFT_VERSION = 5.0;
				TARGETED_DEVICE_FAMILY = "1,2";
				TEST_TARGET_NAME = "DLVersionApp (iOS)";
			};
			name = Debug;
		};
		BFD546F827C6C48400313AC9 /* Release */ = {
			isa = XCBuildConfiguration;
			baseConfigurationReference = EC148B5870E4574DA7C2EF7A /* Pods-Tests iOS.release.xcconfig */;
			buildSettings = {
				ALWAYS_EMBED_SWIFT_STANDARD_LIBRARIES = NO;
				CODE_SIGN_STYLE = Automatic;
				CURRENT_PROJECT_VERSION = 1;
				DEVELOPMENT_TEAM = 69MZ6T95LT;
				GENERATE_INFOPLIST_FILE = YES;
				IPHONEOS_DEPLOYMENT_TARGET = 15.2;
				MARKETING_VERSION = 1.0;
				PRODUCT_BUNDLE_IDENTIFIER = "com.detroitlabs.Tests-iOS";
				PRODUCT_NAME = "$(TARGET_NAME)";
				PROVISIONING_PROFILE = "";
				SDKROOT = iphoneos;
				SWIFT_EMIT_LOC_STRINGS = NO;
				SWIFT_VERSION = 5.0;
				TARGETED_DEVICE_FAMILY = "1,2";
				TEST_TARGET_NAME = "DLVersionApp (iOS)";
				VALIDATE_PRODUCT = YES;
			};
			name = Release;
		};
		BFD546FA27C6C48400313AC9 /* Debug */ = {
			isa = XCBuildConfiguration;
			baseConfigurationReference = 8F2EFF893019B79210483854 /* Pods-Tests macOS.debug.xcconfig */;
			buildSettings = {
				ALWAYS_EMBED_SWIFT_STANDARD_LIBRARIES = NO;
				CODE_SIGN_STYLE = Automatic;
				CURRENT_PROJECT_VERSION = 1;
				DEVELOPMENT_TEAM = 69MZ6T95LT;
				GENERATE_INFOPLIST_FILE = YES;
				MACOSX_DEPLOYMENT_TARGET = 12.1;
				MARKETING_VERSION = 1.0;
				PRODUCT_BUNDLE_IDENTIFIER = "com.detroitlabs.Tests-macOS";
				PRODUCT_NAME = "$(TARGET_NAME)";
				PROVISIONING_PROFILE = "";
				SDKROOT = macosx;
				SWIFT_EMIT_LOC_STRINGS = NO;
				SWIFT_VERSION = 5.0;
				TEST_TARGET_NAME = "DLVersionApp (macOS)";
			};
			name = Debug;
		};
		BFD546FB27C6C48400313AC9 /* Release */ = {
			isa = XCBuildConfiguration;
			baseConfigurationReference = 73DB33B4082D1EEDC570D7A9 /* Pods-Tests macOS.release.xcconfig */;
			buildSettings = {
				ALWAYS_EMBED_SWIFT_STANDARD_LIBRARIES = NO;
				CODE_SIGN_STYLE = Automatic;
				CURRENT_PROJECT_VERSION = 1;
				DEVELOPMENT_TEAM = 69MZ6T95LT;
				GENERATE_INFOPLIST_FILE = YES;
				MACOSX_DEPLOYMENT_TARGET = 12.1;
				MARKETING_VERSION = 1.0;
				PRODUCT_BUNDLE_IDENTIFIER = "com.detroitlabs.Tests-macOS";
				PRODUCT_NAME = "$(TARGET_NAME)";
				PROVISIONING_PROFILE = "";
				SDKROOT = macosx;
				SWIFT_EMIT_LOC_STRINGS = NO;
				SWIFT_VERSION = 5.0;
				TEST_TARGET_NAME = "DLVersionApp (macOS)";
			};
			name = Release;
		};
/* End XCBuildConfiguration section */

/* Begin XCConfigurationList section */
		BFABBD5C27C7786800DF2280 /* Build configuration list for PBXNativeTarget "DLVersion-WatchOS WatchKit Extension" */ = {
			isa = XCConfigurationList;
			buildConfigurations = (
				BFABBD5A27C7786800DF2280 /* Debug */,
				BFABBD5B27C7786800DF2280 /* Release */,
			);
			defaultConfigurationIsVisible = 0;
			defaultConfigurationName = Release;
		};
		BFABBD5D27C7786800DF2280 /* Build configuration list for PBXNativeTarget "DLVersion-WatchOS WatchKit App" */ = {
			isa = XCConfigurationList;
			buildConfigurations = (
				BFABBD5727C7786800DF2280 /* Debug */,
				BFABBD5827C7786800DF2280 /* Release */,
			);
			defaultConfigurationIsVisible = 0;
			defaultConfigurationName = Release;
		};
		BFABBD5E27C7786800DF2280 /* Build configuration list for PBXNativeTarget "DLVersion-WatchOS" */ = {
			isa = XCConfigurationList;
			buildConfigurations = (
				BFABBD5427C7786800DF2280 /* Debug */,
				BFABBD5527C7786800DF2280 /* Release */,
			);
			defaultConfigurationIsVisible = 0;
			defaultConfigurationName = Release;
		};
		BFABBD7027C77A1D00DF2280 /* Build configuration list for PBXNativeTarget "DLVersion-tvOS" */ = {
			isa = XCConfigurationList;
			buildConfigurations = (
				BFABBD6E27C77A1D00DF2280 /* Debug */,
				BFABBD6F27C77A1D00DF2280 /* Release */,
			);
			defaultConfigurationIsVisible = 0;
			defaultConfigurationName = Release;
		};
		BFD546BE27C6C48200313AC9 /* Build configuration list for PBXProject "DLVersionApp" */ = {
			isa = XCConfigurationList;
			buildConfigurations = (
				BFD546EE27C6C48400313AC9 /* Debug */,
				BFD546EF27C6C48400313AC9 /* Release */,
			);
			defaultConfigurationIsVisible = 0;
			defaultConfigurationName = Release;
		};
		BFD546F027C6C48400313AC9 /* Build configuration list for PBXNativeTarget "DLVersionApp (iOS)" */ = {
			isa = XCConfigurationList;
			buildConfigurations = (
				BFD546F127C6C48400313AC9 /* Debug */,
				BFD546F227C6C48400313AC9 /* Release */,
			);
			defaultConfigurationIsVisible = 0;
			defaultConfigurationName = Release;
		};
		BFD546F327C6C48400313AC9 /* Build configuration list for PBXNativeTarget "DLVersionApp (macOS)" */ = {
			isa = XCConfigurationList;
			buildConfigurations = (
				BFD546F427C6C48400313AC9 /* Debug */,
				BFD546F527C6C48400313AC9 /* Release */,
			);
			defaultConfigurationIsVisible = 0;
			defaultConfigurationName = Release;
		};
		BFD546F627C6C48400313AC9 /* Build configuration list for PBXNativeTarget "Tests iOS" */ = {
			isa = XCConfigurationList;
			buildConfigurations = (
				BFD546F727C6C48400313AC9 /* Debug */,
				BFD546F827C6C48400313AC9 /* Release */,
			);
			defaultConfigurationIsVisible = 0;
			defaultConfigurationName = Release;
		};
		BFD546F927C6C48400313AC9 /* Build configuration list for PBXNativeTarget "Tests macOS" */ = {
			isa = XCConfigurationList;
			buildConfigurations = (
				BFD546FA27C6C48400313AC9 /* Debug */,
				BFD546FB27C6C48400313AC9 /* Release */,
			);
			defaultConfigurationIsVisible = 0;
			defaultConfigurationName = Release;
		};
/* End XCConfigurationList section */
	};
	rootObject = BFD546BB27C6C48200313AC9 /* Project object */;
}
